{
  "nodes": {
    "disko": {
      "inputs": {
        "nixpkgs": [
          "nixpkgs"
        ]
      },
      "locked": {
        "lastModified": 1718846788,
        "narHash": "sha256-9dtXYtEkmXoUJV+PGLqscqF7qTn4AIhAKpFWRFU2NYs=",
        "owner": "nix-community",
        "repo": "disko",
        "rev": "e1174d991944a01eaaa04bc59c6281edca4c0e6e",
        "type": "github"
      },
      "original": {
        "owner": "nix-community",
        "repo": "disko",
        "type": "github"
      }
    },
    "nixpkgs": {
      "locked": {
        "lastModified": 1718811006,
        "narHash": "sha256-0Y8IrGhRmBmT7HHXlxxepg2t8j1X90++qRN3lukGaIk=",
        "owner": "nixos",
        "repo": "nixpkgs",
        "rev": "03d771e513ce90147b65fe922d87d3a0356fc125",
        "type": "github"
      },
      "original": {
        "owner": "nixos",
        "ref": "nixos-23.11",
        "repo": "nixpkgs",
        "type": "github"
      }
    },
    "root": {
      "inputs": {
        "disko": "disko",
        "nixpkgs": "nixpkgs",
        "scripts": "scripts"
      }
    },
    "scripts": {
      "inputs": {
        "nixpkgs": [
          "nixpkgs"
        ]
      },
      "locked": {
        "lastModified": 1,
        "narHash": "sha256-hvqI9aokIpnEfz1b7spw/LejblPBoy9oTWEToF3Vg5I=",
        "path": "./scripts",
        "type": "path"
      },
      "original": {
        "path": "./scripts",
        "type": "path"
      }
    }
  },
  "root": "root",
  "version": 7
}
