{
  "nodes": {
    "flake-parts": {
      "inputs": {
        "nixpkgs-lib": [
          "nixpkgs"
        ]
      },
      "locked": {
        "lastModified": 1788450739,
        "narHash": "sha256-glZLQlzIn1fXH6PazR2iUmTo7kzzyYSshrWhLS9TqCU=",
        "owner": "hercules-ci",
        "repo": "flake-parts",
        "rev": "31729ca8cbdb4fa927b34e5f4353e6a83f39e993",
        "type": "github"
      },
      "original": {
        "owner": "hercules-ci",
        "repo": "flake-parts",
        "type": "github"
      }
    },
    "herdr": {
      "inputs": {
        "nixpkgs": "nixpkgs",
        "rust-overlay": "rust-overlay"
      },
      "locked": {
        "lastModified": 1787161794,
        "narHash": "sha256-sEGIN3dLZasaHob3EHscWBCIQHflMQVchYmzgsETDk4=",
        "owner": "herdrdev",
        "repo": "herdr",
        "rev": "9eb521456ac0d19d3ab3d9d7cea3cca10baa8a4c",
        "type": "github"
      },
      "original": {
        "owner": "herdrdev",
        "ref": "v0.8.2",
        "repo": "herdr",
        "type": "github"
      }
    },
    "import-tree": {
      "locked": {
        "lastModified": 1788467110,
        "narHash": "sha256-ljEMTXP/rH0tOvDzc9gzwww6KcHRPRnEHzd9lK48V7s=",
        "owner": "denful",
        "repo": "import-tree",
        "rev": "eb1b52eaecc57f7c136d07ae8a93e724dfecac46",
        "type": "github"
      },
      "original": {
        "owner": "denful",
        "repo": "import-tree",
        "type": "github"
      }
    },
    "nixpkgs": {
      "locked": {
        "lastModified": 1779357205,
        "narHash": "sha256-cCO8aTqss5x9Ky8GWkpY0Hy5fyTZEbtifSUV8QjSzic=",
        "owner": "NixOS",
        "repo": "nixpkgs",
        "rev": "f83fc3c307e74bc5fd5adb7eb6b8b13ffd2a36e1",
        "type": "github"
      },
      "original": {
        "owner": "NixOS",
        "ref": "nixos-unstable",
        "repo": "nixpkgs",
        "type": "github"
      }
    },
    "nixpkgs_2": {
      "locked": {
        "lastModified": 1789546076,
        "narHash": "sha256-zVxLZiSnmaaPLwnhj7pwmqe3axBg/C6nG5JZsJMh2g4=",
        "owner": "NixOS",
        "repo": "nixpkgs",
        "rev": "b1b875982b17dabde9b4a37f3e229e74913e6db3",
        "type": "github"
      },
      "original": {
        "owner": "NixOS",
        "ref": "nixos-unstable",
        "repo": "nixpkgs",
        "type": "github"
      }
    },
    "root": {
      "inputs": {
        "flake-parts": "flake-parts",
        "herdr": "herdr",
        "import-tree": "import-tree",
        "nixpkgs": "nixpkgs_2"
      }
    },
    "rust-overlay": {
      "inputs": {
        "nixpkgs": [
          "herdr",
          "nixpkgs"
        ]
      },
      "locked": {
        "lastModified": 1783577481,
        "narHash": "sha256-EWMxOWrJ031f8f/lrcEmhTRs4npw1/5N3Hcjin846c8=",
        "owner": "oxalica",
        "repo": "rust-overlay",
        "rev": "4cdea398dc491b082dccdce0fad1ed0b75fa3394",
        "type": "github"
      },
      "original": {
        "owner": "oxalica",
        "repo": "rust-overlay",
        "type": "github"
      }
    }
  },
  "root": "root",
  "version": 7
}
